// !$*UTF8*$!
{
	archiveVersion = 1;
	classes = {
	};
	objectVersion = 56;
	objects = {

/* Begin PBXBuildFile section */
		F9882D982AF2A5D200FD8F65 /* DetailViewController.swift in Sources */ = {isa = PBXBuildFile; fileRef = F9882D972AF2A5D200FD8F65 /* DetailViewController.swift */; };
		F9882D9A2AF2B54200FD8F65 /* DetailTableViewCell.swift in Sources */ = {isa = PBXBuildFile; fileRef = F9882D992AF2B54200FD8F65 /* DetailTableViewCell.swift */; };
		F9CC309A2AECB58F00B7B02E /* AppDelegate.swift in Sources */ = {isa = PBXBuildFile; fileRef = F9CC30992AECB58F00B7B02E /* AppDelegate.swift */; };
		F9CC309C2AECB58F00B7B02E /* SceneDelegate.swift in Sources */ = {isa = PBXBuildFile; fileRef = F9CC309B2AECB58F00B7B02E /* SceneDelegate.swift */; };
		F9CC309E2AECB58F00B7B02E /* ViewController.swift in Sources */ = {isa = PBXBuildFile; fileRef = F9CC309D2AECB58F00B7B02E /* ViewController.swift */; };
		F9CC30A12AECB58F00B7B02E /* Main.storyboard in Resources */ = {isa = PBXBuildFile; fileRef = F9CC309F2AECB58F00B7B02E /* Main.storyboard */; };
		F9CC30A32AECB59200B7B02E /* Assets.xcassets in Resources */ = {isa = PBXBuildFile; fileRef = F9CC30A22AECB59200B7B02E /* Assets.xcassets */; };
		F9CC30A62AECB59200B7B02E /* LaunchScreen.storyboard in Resources */ = {isa = PBXBuildFile; fileRef = F9CC30A42AECB59200B7B02E /* LaunchScreen.storyboard */; };
		F9CC30AF2AECB66800B7B02E /* SnapKit in Frameworks */ = {isa = PBXBuildFile; productRef = F9CC30AE2AECB66800B7B02E /* SnapKit */; };
		F9CC30B12AECBD2900B7B02E /* MainTableViewCell.swift in Sources */ = {isa = PBXBuildFile; fileRef = F9CC30B02AECBD2900B7B02E /* MainTableViewCell.swift */; };
		F9CF8B472AFF3D1200C03075 /* AppRepository.swift in Sources */ = {isa = PBXBuildFile; fileRef = F9CF8B462AFF3D1200C03075 /* AppRepository.swift */; };
		F9CF8B492AFF3D9000C03075 /* UIColor+Extension.swift in Sources */ = {isa = PBXBuildFile; fileRef = F9CF8B482AFF3D9000C03075 /* UIColor+Extension.swift */; };
		F9D94DAF2AF1531700BB4940 /* Task.swift in Sources */ = {isa = PBXBuildFile; fileRef = F9D94DAE2AF1531700BB4940 /* Task.swift */; };
/* End PBXBuildFile section */

/* Begin PBXFileReference section */
		F9882D972AF2A5D200FD8F65 /* DetailViewController.swift */ = {isa = PBXFileReference; lastKnownFileType = sourcecode.swift; path = DetailViewController.swift; sourceTree = "<group>"; };
		F9882D992AF2B54200FD8F65 /* DetailTableViewCell.swift */ = {isa = PBXFileReference; lastKnownFileType = sourcecode.swift; path = DetailTableViewCell.swift; sourceTree = "<group>"; };
		F9CC30962AECB58F00B7B02E /* Homework-Week-7.app */ = {isa = PBXFileReference; explicitFileType = wrapper.application; includeInIndex = 0; path = "Homework-Week-7.app"; sourceTree = BUILT_PRODUCTS_DIR; };
		F9CC30992AECB58F00B7B02E /* AppDelegate.swift */ = {isa = PBXFileReference; lastKnownFileType = sourcecode.swift; path = AppDelegate.swift; sourceTree = "<group>"; };
		F9CC309B2AECB58F00B7B02E /* SceneDelegate.swift */ = {isa = PBXFileReference; lastKnownFileType = sourcecode.swift; path = SceneDelegate.swift; sourceTree = "<group>"; };
		F9CC309D2AECB58F00B7B02E /* ViewController.swift */ = {isa = PBXFileReference; lastKnownFileType = sourcecode.swift; path = ViewController.swift; sourceTree = "<group>"; };
		F9CC30A02AECB58F00B7B02E /* Base */ = {isa = PBXFileReference; lastKnownFileType = file.storyboard; name = Base; path = Base.lproj/Main.storyboard; sourceTree = "<group>"; };
		F9CC30A22AECB59200B7B02E /* Assets.xcassets */ = {isa = PBXFileReference; lastKnownFileType = folder.assetcatalog; path = Assets.xcassets; sourceTree = "<group>"; };
		F9CC30A52AECB59200B7B02E /* Base */ = {isa = PBXFileReference; lastKnownFileType = file.storyboard; name = Base; path = Base.lproj/LaunchScreen.storyboard; sourceTree = "<group>"; };
		F9CC30A72AECB59200B7B02E /* Info.plist */ = {isa = PBXFileReference; lastKnownFileType = text.plist.xml; path = Info.plist; sourceTree = "<group>"; };
		F9CC30B02AECBD2900B7B02E /* MainTableViewCell.swift */ = {isa = PBXFileReference; lastKnownFileType = sourcecode.swift; path = MainTableViewCell.swift; sourceTree = "<group>"; };
		F9CF8B462AFF3D1200C03075 /* AppRepository.swift */ = {isa = PBXFileReference; lastKnownFileType = sourcecode.swift; path = AppRepository.swift; sourceTree = "<group>"; };
		F9CF8B482AFF3D9000C03075 /* UIColor+Extension.swift */ = {isa = PBXFileReference; lastKnownFileType = sourcecode.swift; path = "UIColor+Extension.swift"; sourceTree = "<group>"; };
		F9D94DAE2AF1531700BB4940 /* Task.swift */ = {isa = PBXFileReference; lastKnownFileType = sourcecode.swift; path = Task.swift; sourceTree = "<group>"; };
/* End PBXFileReference section */

/* Begin PBXFrameworksBuildPhase section */
		F9CC30932AECB58F00B7B02E /* Frameworks */ = {
			isa = PBXFrameworksBuildPhase;
			buildActionMask = 2147483647;
			files = (
				F9CC30AF2AECB66800B7B02E /* SnapKit in Frameworks */,
			);
			runOnlyForDeploymentPostprocessing = 0;
		};
/* End PBXFrameworksBuildPhase section */

/* Begin PBXGroup section */
		F9CC308D2AECB58F00B7B02E = {
			isa = PBXGroup;
			children = (
				F9CC30982AECB58F00B7B02E /* Homework-Week-7 */,
				F9CC30972AECB58F00B7B02E /* Products */,
			);
			sourceTree = "<group>";
		};
		F9CC30972AECB58F00B7B02E /* Products */ = {
			isa = PBXGroup;
			children = (
				F9CC30962AECB58F00B7B02E /* Homework-Week-7.app */,
			);
			name = Products;
			sourceTree = "<group>";
		};
		F9CC30982AECB58F00B7B02E /* Homework-Week-7 */ = {
			isa = PBXGroup;
			children = (
				F9CC30992AECB58F00B7B02E /* AppDelegate.swift */,
				F9CC309B2AECB58F00B7B02E /* SceneDelegate.swift */,
				F9CC309D2AECB58F00B7B02E /* ViewController.swift */,
				F9CC30B02AECBD2900B7B02E /* MainTableViewCell.swift */,
				F9CC309F2AECB58F00B7B02E /* Main.storyboard */,
				F9CC30A22AECB59200B7B02E /* Assets.xcassets */,
				F9CC30A42AECB59200B7B02E /* LaunchScreen.storyboard */,
				F9CC30A72AECB59200B7B02E /* Info.plist */,
				F9D94DAE2AF1531700BB4940 /* Task.swift */,
				F9882D972AF2A5D200FD8F65 /* DetailViewController.swift */,
				F9882D992AF2B54200FD8F65 /* DetailTableViewCell.swift */,
				F9CF8B462AFF3D1200C03075 /* AppRepository.swift */,
				F9CF8B482AFF3D9000C03075 /* UIColor+Extension.swift */,
			);
			path = "Homework-Week-7";
			sourceTree = "<group>";
		};
/* End PBXGroup section */

/* Begin PBXNativeTarget section */
		F9CC30952AECB58F00B7B02E /* Homework-Week-7 */ = {
			isa = PBXNativeTarget;
			buildConfigurationList = F9CC30AA2AECB59200B7B02E /* Build configuration list for PBXNativeTarget "Homework-Week-7" */;
			buildPhases = (
				F9CC30922AECB58F00B7B02E /* Sources */,
				F9CC30932AECB58F00B7B02E /* Frameworks */,
				F9CC30942AECB58F00B7B02E /* Resources */,
			);
			buildRules = (
			);
			dependencies = (
			);
			name = "Homework-Week-7";
			packageProductDependencies = (
				F9CC30AE2AECB66800B7B02E /* SnapKit */,
			);
			productName = Week8;
			productReference = F9CC30962AECB58F00B7B02E /* Homework-Week-7.app */;
			productType = "com.apple.product-type.application";
		};
/* End PBXNativeTarget section */

/* Begin PBXProject section */
		F9CC308E2AECB58F00B7B02E /* Project object */ = {
			isa = PBXProject;
			attributes = {
				BuildIndependentTargetsInParallel = 1;
				LastSwiftUpdateCheck = 1500;
				LastUpgradeCheck = 1500;
				TargetAttributes = {
					F9CC30952AECB58F00B7B02E = {
						CreatedOnToolsVersion = 15.0;
					};
				};
			};
			buildConfigurationList = F9CC30912AECB58F00B7B02E /* Build configuration list for PBXProject "Homework-Week-7" */;
			compatibilityVersion = "Xcode 14.0";
			developmentRegion = en;
			hasScannedForEncodings = 0;
			knownRegions = (
				en,
				Base,
			);
			mainGroup = F9CC308D2AECB58F00B7B02E;
			packageReferences = (
				F9CC30AD2AECB66800B7B02E /* XCRemoteSwiftPackageReference "SnapKit" */,
			);
			productRefGroup = F9CC30972AECB58F00B7B02E /* Products */;
			projectDirPath = "";
			projectRoot = "";
			targets = (
				F9CC30952AECB58F00B7B02E /* Homework-Week-7 */,
			);
		};
/* End PBXProject section */

/* Begin PBXResourcesBuildPhase section */
		F9CC30942AECB58F00B7B02E /* Resources */ = {
			isa = PBXResourcesBuildPhase;
			buildActionMask = 2147483647;
			files = (
				F9CC30A62AECB59200B7B02E /* LaunchScreen.storyboard in Resources */,
				F9CC30A32AECB59200B7B02E /* Assets.xcassets in Resources */,
				F9CC30A12AECB58F00B7B02E /* Main.storyboard in Resources */,
			);
			runOnlyForDeploymentPostprocessing = 0;
		};
/* End PBXResourcesBuildPhase section */

/* Begin PBXSourcesBuildPhase section */
		F9CC30922AECB58F00B7B02E /* Sources */ = {
			isa = PBXSourcesBuildPhase;
			buildActionMask = 2147483647;
			files = (
				F9D94DAF2AF1531700BB4940 /* Task.swift in Sources */,
				F9CC309E2AECB58F00B7B02E /* ViewController.swift in Sources */,
				F9882D9A2AF2B54200FD8F65 /* DetailTableViewCell.swift in Sources */,
				F9CF8B492AFF3D9000C03075 /* UIColor+Extension.swift in Sources */,
				F9CC309A2AECB58F00B7B02E /* AppDelegate.swift in Sources */,
				F9882D982AF2A5D200FD8F65 /* DetailViewController.swift in Sources */,
				F9CC30B12AECBD2900B7B02E /* MainTableViewCell.swift in Sources */,
				F9CC309C2AECB58F00B7B02E /* SceneDelegate.swift in Sources */,
				F9CF8B472AFF3D1200C03075 /* AppRepository.swift in Sources */,
			);
			runOnlyForDeploymentPostprocessing = 0;
		};
/* End PBXSourcesBuildPhase section */

/* Begin PBXVariantGroup section */
		F9CC309F2AECB58F00B7B02E /* Main.storyboard */ = {
			isa = PBXVariantGroup;
			children = (
				F9CC30A02AECB58F00B7B02E /* Base */,
			);
			name = Main.storyboard;
			sourceTree = "<group>";
		};
		F9CC30A42AECB59200B7B02E /* LaunchScreen.storyboard */ = {
			isa = PBXVariantGroup;
			children = (
				F9CC30A52AECB59200B7B02E /* Base */,
			);
			name = LaunchScreen.storyboard;
			sourceTree = "<group>";
		};
/* End PBXVariantGroup section */

/* Begin XCBuildConfiguration section */
		F9CC30A82AECB59200B7B02E /* Debug */ = {
			isa = XCBuildConfiguration;
			buildSettings = {
				ALWAYS_SEARCH_USER_PATHS = NO;
				ASSETCATALOG_COMPILER_GENERATE_SWIFT_ASSET_SYMBOL_EXTENSIONS = YES;
				CLANG_ANALYZER_NONNULL = YES;
				CLANG_ANALYZER_NUMBER_OBJECT_CONVERSION = YES_AGGRESSIVE;
				CLANG_CXX_LANGUAGE_STANDARD = "gnu++20";
				CLANG_ENABLE_MODULES = YES;
				CLANG_ENABLE_OBJC_ARC = YES;
				CLANG_ENABLE_OBJC_WEAK = YES;
				CLANG_WARN_BLOCK_CAPTURE_AUTORELEASING = YES;
				CLANG_WARN_BOOL_CONVERSION = YES;
				CLANG_WARN_COMMA = YES;
				CLANG_WARN_CONSTANT_CONVERSION = YES;
				CLANG_WARN_DEPRECATED_OBJC_IMPLEMENTATIONS = YES;
				CLANG_WARN_DIRECT_OBJC_ISA_USAGE = YES_ERROR;
				CLANG_WARN_DOCUMENTATION_COMMENTS = YES;
				CLANG_WARN_EMPTY_BODY = YES;
				CLANG_WARN_ENUM_CONVERSION = YES;
				CLANG_WARN_INFINITE_RECURSION = YES;
				CLANG_WARN_INT_CONVERSION = YES;
				CLANG_WARN_NON_LITERAL_NULL_CONVERSION = YES;
				CLANG_WARN_OBJC_IMPLICIT_RETAIN_SELF = YES;
				CLANG_WARN_OBJC_LITERAL_CONVERSION = YES;
				CLANG_WARN_OBJC_ROOT_CLASS = YES_ERROR;
				CLANG_WARN_QUOTED_INCLUDE_IN_FRAMEWORK_HEADER = YES;
				CLANG_WARN_RANGE_LOOP_ANALYSIS = YES;
				CLANG_WARN_STRICT_PROTOTYPES = YES;
				CLANG_WARN_SUSPICIOUS_MOVE = YES;
				CLANG_WARN_UNGUARDED_AVAILABILITY = YES_AGGRESSIVE;
				CLANG_WARN_UNREACHABLE_CODE = YES;
				CLANG_WARN__DUPLICATE_METHOD_MATCH = YES;
				COPY_PHASE_STRIP = NO;
				DEBUG_INFORMATION_FORMAT = dwarf;
				ENABLE_STRICT_OBJC_MSGSEND = YES;
				ENABLE_TESTABILITY = YES;
				ENABLE_USER_SCRIPT_SANDBOXING = YES;
				GCC_C_LANGUAGE_STANDARD = gnu17;
				GCC_DYNAMIC_NO_PIC = NO;
				GCC_NO_COMMON_BLOCKS = YES;
				GCC_OPTIMIZATION_LEVEL = 0;
				GCC_PREPROCESSOR_DEFINITIONS = (
					"DEBUG=1",
					"$(inherited)",
				);
				GCC_WARN_64_TO_32_BIT_CONVERSION = YES;
				GCC_WARN_ABOUT_RETURN_TYPE = YES_ERROR;
				GCC_WARN_UNDECLARED_SELECTOR = YES;
				GCC_WARN_UNINITIALIZED_AUTOS = YES_AGGRESSIVE;
				GCC_WARN_UNUSED_FUNCTION = YES;
				GCC_WARN_UNUSED_VARIABLE = YES;
				IPHONEOS_DEPLOYMENT_TARGET = 17.0;
				LOCALIZATION_PREFERS_STRING_CATALOGS = YES;
				MTL_ENABLE_DEBUG_INFO = INCLUDE_SOURCE;
				MTL_FAST_MATH = YES;
				ONLY_ACTIVE_ARCH = YES;
				SDKROOT = iphoneos;
				SWIFT_ACTIVE_COMPILATION_CONDITIONS = "DEBUG $(inherited)";
				SWIFT_OPTIMIZATION_LEVEL = "-Onone";
			};
			name = Debug;
		};
		F9CC30A92AECB59200B7B02E /* Release */ = {
			isa = XCBuildConfiguration;
			buildSettings = {
				ALWAYS_SEARCH_USER_PATHS = NO;
				ASSETCATALOG_COMPILER_GENERATE_SWIFT_ASSET_SYMBOL_EXTENSIONS = YES;
				CLANG_ANALYZER_NONNULL = YES;
				CLANG_ANALYZER_NUMBER_OBJECT_CONVERSION = YES_AGGRESSIVE;
				CLANG_CXX_LANGUAGE_STANDARD = "gnu++20";
				CLANG_ENABLE_MODULES = YES;
				CLANG_ENABLE_OBJC_ARC = YES;
				CLANG_ENABLE_OBJC_WEAK = YES;
				CLANG_WARN_BLOCK_CAPTURE_AUTORELEASING = YES;
				CLANG_WARN_BOOL_CONVERSION = YES;
				CLANG_WARN_COMMA = YES;
				CLANG_WARN_CONSTANT_CONVERSION = YES;
				CLANG_WARN_DEPRECATED_OBJC_IMPLEMENTATIONS = YES;
				CLANG_WARN_DIRECT_OBJC_ISA_USAGE = YES_ERROR;
				CLANG_WARN_DOCUMENTATION_COMMENTS = YES;
				CLANG_WARN_EMPTY_BODY = YES;
				CLANG_WARN_ENUM_CONVERSION = YES;
				CLANG_WARN_INFINITE_RECURSION = YES;
				CLANG_WARN_INT_CONVERSION = YES;
				CLANG_WARN_NON_LITERAL_NULL_CONVERSION = YES;
				CLANG_WARN_OBJC_IMPLICIT_RETAIN_SELF = YES;
				CLANG_WARN_OBJC_LITERAL_CONVERSION = YES;
				CLANG_WARN_OBJC_ROOT_CLASS = YES_ERROR;
				CLANG_WARN_QUOTED_INCLUDE_IN_FRAMEWORK_HEADER = YES;
				CLANG_WARN_RANGE_LOOP_ANALYSIS = YES;
				CLANG_WARN_STRICT_PROTOTYPES = YES;
				CLANG_WARN_SUSPICIOUS_MOVE = YES;
				CLANG_WARN_UNGUARDED_AVAILABILITY = YES_AGGRESSIVE;
				CLANG_WARN_UNREACHABLE_CODE = YES;
				CLANG_WARN__DUPLICATE_METHOD_MATCH = YES;
				COPY_PHASE_STRIP = NO;
				DEBUG_INFORMATION_FORMAT = "dwarf-with-dsym";
				ENABLE_NS_ASSERTIONS = NO;
				ENABLE_STRICT_OBJC_MSGSEND = YES;
				ENABLE_USER_SCRIPT_SANDBOXING = YES;
				GCC_C_LANGUAGE_STANDARD = gnu17;
				GCC_NO_COMMON_BLOCKS = YES;
				GCC_WARN_64_TO_32_BIT_CONVERSION = YES;
				GCC_WARN_ABOUT_RETURN_TYPE = YES_ERROR;
				GCC_WARN_UNDECLARED_SELECTOR = YES;
				GCC_WARN_UNINITIALIZED_AUTOS = YES_AGGRESSIVE;
				GCC_WARN_UNUSED_FUNCTION = YES;
				GCC_WARN_UNUSED_VARIABLE = YES;
				IPHONEOS_DEPLOYMENT_TARGET = 17.0;
				LOCALIZATION_PREFERS_STRING_CATALOGS = YES;
				MTL_ENABLE_DEBUG_INFO = NO;
				MTL_FAST_MATH = YES;
				SDKROOT = iphoneos;
				SWIFT_COMPILATION_MODE = wholemodule;
				VALIDATE_PRODUCT = YES;
			};
			name = Release;
		};
		F9CC30AB2AECB59200B7B02E /* Debug */ = {
			isa = XCBuildConfiguration;
			buildSettings = {
				ASSETCATALOG_COMPILER_APPICON_NAME = AppIcon;
				ASSETCATALOG_COMPILER_GLOBAL_ACCENT_COLOR_NAME = AccentColor;
				CODE_SIGN_STYLE = Automatic;
				CURRENT_PROJECT_VERSION = 1;
				DEVELOPMENT_TEAM = S7NYSPKT35;
				GENERATE_INFOPLIST_FILE = YES;
				INFOPLIST_FILE = "Homework-Week-7/Info.plist";
				INFOPLIST_KEY_UIApplicationSupportsIndirectInputEvents = YES;
				INFOPLIST_KEY_UILaunchStoryboardName = LaunchScreen;
				INFOPLIST_KEY_UIMainStoryboardFile = Main;
				INFOPLIST_KEY_UISupportedInterfaceOrientations = UIInterfaceOrientationPortrait;
				INFOPLIST_KEY_UISupportedInterfaceOrientations_iPad = "UIInterfaceOrientationLandscapeLeft UIInterfaceOrientationLandscapeRight UIInterfaceOrientationPortrait UIInterfaceOrientationPortraitUpsideDown";
				LD_RUNPATH_SEARCH_PATHS = (
					"$(inherited)",
					"@executable_path/Frameworks",
				);
				MARKETING_VERSION = 1.0;
				PRODUCT_BUNDLE_IDENTIFIER = "goofeat.Homework-Week-7";
				PRODUCT_NAME = "$(TARGET_NAME)";
				SUPPORTED_PLATFORMS = "iphoneos iphonesimulator";
				SUPPORTS_MACCATALYST = NO;
				SUPPORTS_MAC_DESIGNED_FOR_IPHONE_IPAD = NO;
				SWIFT_EMIT_LOC_STRINGS = YES;
				SWIFT_VERSION = 5.0;
				TARGETED_DEVICE_FAMILY = 1;
			};
			name = Debug;
		};
		F9CC30AC2AECB59200B7B02E /* Release */ = {
			isa = XCBuildConfiguration;
			buildSettings = {
				ASSETCATALOG_COMPILER_APPICON_NAME = AppIcon;
				ASSETCATALOG_COMPILER_GLOBAL_ACCENT_COLOR_NAME = AccentColor;
				CODE_SIGN_STYLE = Automatic;
				CURRENT_PROJECT_VERSION = 1;
				DEVELOPMENT_TEAM = S7NYSPKT35;
				GENERATE_INFOPLIST_FILE = YES;
				INFOPLIST_FILE = "Homework-Week-7/Info.plist";
				INFOPLIST_KEY_UIApplicationSupportsIndirectInputEvents = YES;
				INFOPLIST_KEY_UILaunchStoryboardName = LaunchScreen;
				INFOPLIST_KEY_UIMainStoryboardFile = Main;
				INFOPLIST_KEY_UISupportedInterfaceOrientations = UIInterfaceOrientationPortrait;
				INFOPLIST_KEY_UISupportedInterfaceOrientations_iPad = "UIInterfaceOrientationLandscapeLeft UIInterfaceOrientationLandscapeRight UIInterfaceOrientationPortrait UIInterfaceOrientationPortraitUpsideDown";
				LD_RUNPATH_SEARCH_PATHS = (
					"$(inherited)",
					"@executable_path/Frameworks",
				);
				MARKETING_VERSION = 1.0;
				PRODUCT_BUNDLE_IDENTIFIER = "goofeat.Homework-Week-7";
				PRODUCT_NAME = "$(TARGET_NAME)";
				SUPPORTED_PLATFORMS = "iphoneos iphonesimulator";
				SUPPORTS_MACCATALYST = NO;
				SUPPORTS_MAC_DESIGNED_FOR_IPHONE_IPAD = NO;
				SWIFT_EMIT_LOC_STRINGS = YES;
				SWIFT_VERSION = 5.0;
				TARGETED_DEVICE_FAMILY = 1;
			};
			name = Release;
		};
/* End XCBuildConfiguration section */

/* Begin XCConfigurationList section */
		F9CC30912AECB58F00B7B02E /* Build configuration list for PBXProject "Homework-Week-7" */ = {
			isa = XCConfigurationList;
			buildConfigurations = (
				F9CC30A82AECB59200B7B02E /* Debug */,
				F9CC30A92AECB59200B7B02E /* Release */,
			);
			defaultConfigurationIsVisible = 0;
			defaultConfigurationName = Release;
		};
		F9CC30AA2AECB59200B7B02E /* Build configuration list for PBXNativeTarget "Homework-Week-7" */ = {
			isa = XCConfigurationList;
			buildConfigurations = (
				F9CC30AB2AECB59200B7B02E /* Debug */,
				F9CC30AC2AECB59200B7B02E /* Release */,
			);
			defaultConfigurationIsVisible = 0;
			defaultConfigurationName = Release;
		};
/* End XCConfigurationList section */

/* Begin XCRemoteSwiftPackageReference section */
		F9CC30AD2AECB66800B7B02E /* XCRemoteSwiftPackageReference "SnapKit" */ = {
			isa = XCRemoteSwiftPackageReference;
			repositoryURL = "https://github.com/SnapKit/SnapKit.git";
			requirement = {
				kind = upToNextMajorVersion;
				minimumVersion = 5.6.0;
			};
		};
/* End XCRemoteSwiftPackageReference section */

/* Begin XCSwiftPackageProductDependency section */
		F9CC30AE2AECB66800B7B02E /* SnapKit */ = {
			isa = XCSwiftPackageProductDependency;
			package = F9CC30AD2AECB66800B7B02E /* XCRemoteSwiftPackageReference "SnapKit" */;
			productName = SnapKit;
		};
/* End XCSwiftPackageProductDependency section */
	};
	rootObject = F9CC308E2AECB58F00B7B02E /* Project object */;
}
